
Microsoft Visual Studio Solution File, Format Version 12.00
# Visual Studio Version 16
VisualStudioVersion = 16.0.33328.57
MinimumVisualStudioVersion = 10.0.40219.1
Project("{FAE04EC0-301F-11D3-BF4B-00C04F79EFBC}") = "learnX", "learnX\learnX.csproj", "{03EE599B-2289-4D29-A9FB-E325FD86832F}"
EndProject
Project("{FAE04EC0-301F-11D3-BF4B-00C04F79EFBC}") = "Infrastructure", "Infrastructure\Infrastructure.csproj", "{881D50F6-FB16-4C00-A55D-2636C792A694}"
EndProject
Global
	GlobalSection(SolutionConfigurationPlatforms) = preSolution
		Debug|Any CPU = Debug|Any CPU
		Release|Any CPU = Release|Any CPU
	EndGlobalSection
	GlobalSection(ProjectConfigurationPlatforms) = postSolution
		{03EE599B-2289-4D29-A9FB-E325FD86832F}.Debug|Any CPU.ActiveCfg = Debug|Any CPU
		{03EE599B-2289-4D29-A9FB-E325FD86832F}.Debug|Any CPU.Build.0 = Debug|Any CPU
		{03EE599B-2289-4D29-A9FB-E325FD86832F}.Release|Any CPU.ActiveCfg = Release|Any CPU
		{03EE599B-2289-4D29-A9FB-E325FD86832F}.Release|Any CPU.Build.0 = Release|Any CPU
		{881D50F6-FB16-4C00-A55D-2636C792A694}.Debug|Any CPU.ActiveCfg = Debug|Any CPU
		{881D50F6-FB16-4C00-A55D-2636C792A694}.Debug|Any CPU.Build.0 = Debug|Any CPU
		{881D50F6-FB16-4C00-A55D-2636C792A694}.Release|Any CPU.ActiveCfg = Release|Any CPU
		{881D50F6-FB16-4C00-A55D-2636C792A694}.Release|Any CPU.Build.0 = Release|Any CPU
	EndGlobalSection
	GlobalSection(SolutionProperties) = preSolution
		HideSolutionNode = FALSE
	EndGlobalSection
	GlobalSection(ExtensibilityGlobals) = postSolution
		SolutionGuid = {548C8413-3386-4AB9-851F-E142355D829C}
	EndGlobalSection
EndGlobal
